
Microsoft Visual Studio Solution File, Format Version 12.00
# Visual Studio Version 16
VisualStudioVersion = 16.0.31613.86
MinimumVisualStudioVersion = 10.0.40219.1
Project("{FAE04EC0-301F-11D3-BF4B-00C04F79EFBC}") = "OneSignalTest.Android", "OneSignalTest\OneSignalTest.Android\OneSignalTest.Android.csproj", "{B0A23823-6FDE-4A92-9A73-3B3917B52F98}"
EndProject
Project("{FAE04EC0-301F-11D3-BF4B-00C04F79EFBC}") = "OneSignalTest.iOS", "OneSignalTest\OneSignalTest.iOS\OneSignalTest.iOS.csproj", "{19FF03A7-BE0A-4BA9-B6B5-749F0242921B}"
EndProject
Project("{FAE04EC0-301F-11D3-BF4B-00C04F79EFBC}") = "OneSignalTest", "OneSignalTest\OneSignalTest\OneSignalTest.csproj", "{F755F683-18F2-4CE4-9004-4C37432F68A6}"
EndProject
Global
	GlobalSection(SolutionConfigurationPlatforms) = preSolution
		Debug|Any CPU = Debug|Any CPU
		Debug|iPhone = Debug|iPhone
		Debug|iPhoneSimulator = Debug|iPhoneSimulator
		Release|Any CPU = Release|Any CPU
		Release|iPhone = Release|iPhone
		Release|iPhoneSimulator = Release|iPhoneSimulator
	EndGlobalSection
	GlobalSection(ProjectConfigurationPlatforms) = postSolution
		{B0A23823-6FDE-4A92-9A73-3B3917B52F98}.Debug|Any CPU.ActiveCfg = Debug|Any CPU
		{B0A23823-6FDE-4A92-9A73-3B3917B52F98}.Debug|Any CPU.Build.0 = Debug|Any CPU
		{B0A23823-6FDE-4A92-9A73-3B3917B52F98}.Debug|Any CPU.Deploy.0 = Debug|Any CPU
		{B0A23823-6FDE-4A92-9A73-3B3917B52F98}.Debug|iPhone.ActiveCfg = Debug|Any CPU
		{B0A23823-6FDE-4A92-9A73-3B3917B52F98}.Debug|iPhone.Build.0 = Debug|Any CPU
		{B0A23823-6FDE-4A92-9A73-3B3917B52F98}.Debug|iPhone.Deploy.0 = Debug|Any CPU
		{B0A23823-6FDE-4A92-9A73-3B3917B52F98}.Debug|iPhoneSimulator.ActiveCfg = Debug|Any CPU
		{B0A23823-6FDE-4A92-9A73-3B3917B52F98}.Debug|iPhoneSimulator.Build.0 = Debug|Any CPU
		{B0A23823-6FDE-4A92-9A73-3B3917B52F98}.Debug|iPhoneSimulator.Deploy.0 = Debug|Any CPU
		{B0A23823-6FDE-4A92-9A73-3B3917B52F98}.Release|Any CPU.ActiveCfg = Release|Any CPU
		{B0A23823-6FDE-4A92-9A73-3B3917B52F98}.Release|Any CPU.Build.0 = Release|Any CPU
		{B0A23823-6FDE-4A92-9A73-3B3917B52F98}.Release|Any CPU.Deploy.0 = Release|Any CPU
		{B0A23823-6FDE-4A92-9A73-3B3917B52F98}.Release|iPhone.ActiveCfg = Release|Any CPU
		{B0A23823-6FDE-4A92-9A73-3B3917B52F98}.Release|iPhone.Build.0 = Release|Any CPU
		{B0A23823-6FDE-4A92-9A73-3B3917B52F98}.Release|iPhone.Deploy.0 = Release|Any CPU
		{B0A23823-6FDE-4A92-9A73-3B3917B52F98}.Release|iPhoneSimulator.ActiveCfg = Release|Any CPU
		{B0A23823-6FDE-4A92-9A73-3B3917B52F98}.Release|iPhoneSimulator.Build.0 = Release|Any CPU
		{B0A23823-6FDE-4A92-9A73-3B3917B52F98}.Release|iPhoneSimulator.Deploy.0 = Release|Any CPU
		{19FF03A7-BE0A-4BA9-B6B5-749F0242921B}.Debug|Any CPU.ActiveCfg = Debug|iPhone
		{19FF03A7-BE0A-4BA9-B6B5-749F0242921B}.Debug|Any CPU.Build.0 = Debug|iPhone
		{19FF03A7-BE0A-4BA9-B6B5-749F0242921B}.Debug|Any CPU.Deploy.0 = Debug|iPhone
		{19FF03A7-BE0A-4BA9-B6B5-749F0242921B}.Debug|iPhone.ActiveCfg = Debug|iPhone
		{19FF03A7-BE0A-4BA9-B6B5-749F0242921B}.Debug|iPhone.Build.0 = Debug|iPhone
		{19FF03A7-BE0A-4BA9-B6B5-749F0242921B}.Debug|iPhone.Deploy.0 = Debug|iPhone
		{19FF03A7-BE0A-4BA9-B6B5-749F0242921B}.Debug|iPhoneSimulator.ActiveCfg = Debug|iPhoneSimulator
		{19FF03A7-BE0A-4BA9-B6B5-749F0242921B}.Debug|iPhoneSimulator.Build.0 = Debug|iPhoneSimulator
		{19FF03A7-BE0A-4BA9-B6B5-749F0242921B}.Debug|iPhoneSimulator.Deploy.0 = Debug|iPhoneSimulator
		{19FF03A7-BE0A-4BA9-B6B5-749F0242921B}.Release|Any CPU.ActiveCfg = Release|iPhoneSimulator
		{19FF03A7-BE0A-4BA9-B6B5-749F0242921B}.Release|Any CPU.Build.0 = Release|iPhoneSimulator
		{19FF03A7-BE0A-4BA9-B6B5-749F0242921B}.Release|Any CPU.Deploy.0 = Release|iPhoneSimulator
		{19FF03A7-BE0A-4BA9-B6B5-749F0242921B}.Release|iPhone.ActiveCfg = Release|iPhone
		{19FF03A7-BE0A-4BA9-B6B5-749F0242921B}.Release|iPhone.Build.0 = Release|iPhone
		{19FF03A7-BE0A-4BA9-B6B5-749F0242921B}.Release|iPhone.Deploy.0 = Release|iPhone
		{19FF03A7-BE0A-4BA9-B6B5-749F0242921B}.Release|iPhoneSimulator.ActiveCfg = Release|iPhoneSimulator
		{19FF03A7-BE0A-4BA9-B6B5-749F0242921B}.Release|iPhoneSimulator.Build.0 = Release|iPhoneSimulator
		{19FF03A7-BE0A-4BA9-B6B5-749F0242921B}.Release|iPhoneSimulator.Deploy.0 = Release|iPhoneSimulator
		{F755F683-18F2-4CE4-9004-4C37432F68A6}.Debug|Any CPU.ActiveCfg = Debug|Any CPU
		{F755F683-18F2-4CE4-9004-4C37432F68A6}.Debug|Any CPU.Build.0 = Debug|Any CPU
		{F755F683-18F2-4CE4-9004-4C37432F68A6}.Debug|Any CPU.Deploy.0 = Debug|Any CPU
		{F755F683-18F2-4CE4-9004-4C37432F68A6}.Debug|iPhone.ActiveCfg = Debug|Any CPU
		{F755F683-18F2-4CE4-9004-4C37432F68A6}.Debug|iPhone.Build.0 = Debug|Any CPU
		{F755F683-18F2-4CE4-9004-4C37432F68A6}.Debug|iPhone.Deploy.0 = Debug|Any CPU
		{F755F683-18F2-4CE4-9004-4C37432F68A6}.Debug|iPhoneSimulator.ActiveCfg = Debug|Any CPU
		{F755F683-18F2-4CE4-9004-4C37432F68A6}.Debug|iPhoneSimulator.Build.0 = Debug|Any CPU
		{F755F683-18F2-4CE4-9004-4C37432F68A6}.Debug|iPhoneSimulator.Deploy.0 = Debug|Any CPU
		{F755F683-18F2-4CE4-9004-4C37432F68A6}.Release|Any CPU.ActiveCfg = Release|Any CPU
		{F755F683-18F2-4CE4-9004-4C37432F68A6}.Release|Any CPU.Build.0 = Release|Any CPU
		{F755F683-18F2-4CE4-9004-4C37432F68A6}.Release|Any CPU.Deploy.0 = Release|Any CPU
		{F755F683-18F2-4CE4-9004-4C37432F68A6}.Release|iPhone.ActiveCfg = Release|Any CPU
		{F755F683-18F2-4CE4-9004-4C37432F68A6}.Release|iPhone.Build.0 = Release|Any CPU
		{F755F683-18F2-4CE4-9004-4C37432F68A6}.Release|iPhone.Deploy.0 = Release|Any CPU
		{F755F683-18F2-4CE4-9004-4C37432F68A6}.Release|iPhoneSimulator.ActiveCfg = Release|Any CPU
		{F755F683-18F2-4CE4-9004-4C37432F68A6}.Release|iPhoneSimulator.Build.0 = Release|Any CPU
		{F755F683-18F2-4CE4-9004-4C37432F68A6}.Release|iPhoneSimulator.Deploy.0 = Release|Any CPU
	EndGlobalSection
	GlobalSection(SolutionProperties) = preSolution
		HideSolutionNode = FALSE
	EndGlobalSection
	GlobalSection(ExtensibilityGlobals) = postSolution
		SolutionGuid = {F27BEC9D-9385-4E68-B93D-01425AA81A9C}
	EndGlobalSection
EndGlobal
